{
    "name": "argent-bank-frontend",
    "version": "0.0.1",
    "lockfileVersion": 3,
    "requires": true,
    "packages": {
        "": {
            "name": "argent-bank-frontend",
            "version": "0.0.1",
            "dependencies": {
                "@fortawesome/fontawesome-free": "^6.4.0",
                "@reduxjs/toolkit": "^1.9.5"
            },
            "devDependencies": {
                "@vitejs/plugin-react": "^4.0.0",
                "eslint-plugin-react": "^7.28.0",
                "eslint-plugin-react-hooks": "^4.3.0",
                "eslint-plugin-react-refresh": "^0.4.1",
                "react": "^17.0.2",
                "react-dom": "^17.0.2",
                "react-router-dom": "^6.12.0",
                "vite": "^4.3.9",
                "vite-plugin-eslint": "^1.8.1"
            }
        },
        "../../node_modules/.pnpm/@fortawesome+fontawesome-free@6.4.0/node_modules/@fortawesome/fontawesome-free": {
            "version": "6.4.0",
            "hasInstallScript": true,
            "license": "(CC-BY-4.0 AND OFL-1.1 AND MIT)",
            "engines": {
                "node": ">=6"
            }
        },
        "../../node_modules/.pnpm/@vitejs+plugin-react@4.0.2_vite@4.4.2/node_modules/@vitejs/plugin-react": {
            "version": "4.0.2",
            "dev": true,
            "license": "MIT",
            "dependencies": {
                "@babel/core": "^7.22.5",
                "@babel/plugin-transform-react-jsx-self": "^7.22.5",
                "@babel/plugin-transform-react-jsx-source": "^7.22.5",
                "react-refresh": "^0.14.0"
            },
            "engines": {
                "node": "^14.18.0 || >=16.0.0"
            },
            "peerDependencies": {
                "vite": "^4.2.0"
            }
        },
        "../../node_modules/.pnpm/eslint-plugin-react-hooks@4.6.0_eslint@8.44.0/node_modules/eslint-plugin-react-hooks": {
            "version": "4.6.0",
            "dev": true,
            "license": "MIT",
            "devDependencies": {
                "@typescript-eslint/parser-v2": "npm:@typescript-eslint/parser@^2.26.0",
                "@typescript-eslint/parser-v3": "npm:@typescript-eslint/parser@^3.10.0",
                "@typescript-eslint/parser-v4": "npm:@typescript-eslint/parser@^4.1.0",
                "@typescript-eslint/parser-v5": "npm:@typescript-eslint/parser@^5.0.0-0"
            },
            "engines": {
                "node": ">=10"
            },
            "peerDependencies": {
                "eslint": "^3.0.0 || ^4.0.0 || ^5.0.0 || ^6.0.0 || ^7.0.0 || ^8.0.0-0"
            }
        },
        "../../node_modules/.pnpm/eslint-plugin-react-refresh@0.4.1_eslint@8.44.0/node_modules/eslint-plugin-react-refresh": {
            "version": "0.4.1",
            "dev": true,
            "license": "MIT",
            "peerDependencies": {
                "eslint": ">=7"
            }
        },
        "../../node_modules/.pnpm/eslint-plugin-react@7.32.2_eslint@8.44.0/node_modules/eslint-plugin-react": {
            "version": "7.32.2",
            "dev": true,
            "license": "MIT",
            "dependencies": {
                "array-includes": "^3.1.6",
                "array.prototype.flatmap": "^1.3.1",
                "array.prototype.tosorted": "^1.1.1",
                "doctrine": "^2.1.0",
                "estraverse": "^5.3.0",
                "jsx-ast-utils": "^2.4.1 || ^3.0.0",
                "minimatch": "^3.1.2",
                "object.entries": "^1.1.6",
                "object.fromentries": "^2.0.6",
                "object.hasown": "^1.1.2",
                "object.values": "^1.1.6",
                "prop-types": "^15.8.1",
                "resolve": "^2.0.0-next.4",
                "semver": "^6.3.0",
                "string.prototype.matchall": "^4.0.8"
            },
            "devDependencies": {
                "@babel/core": "^7.20.12",
                "@babel/eslint-parser": "^7.19.1",
                "@babel/plugin-syntax-decorators": "^7.19.0",
                "@babel/plugin-syntax-do-expressions": "^7.18.6",
                "@babel/plugin-syntax-function-bind": "^7.18.6",
                "@babel/preset-react": "^7.18.6",
                "@types/eslint": "=7.2.10",
                "@types/estree": "0.0.52",
                "@types/node": "^4.9.5",
                "@typescript-eslint/parser": "^2.34.0 || ^3.10.1 || ^4.0.0 || ^5.0.0",
                "aud": "^2.0.2",
                "babel-eslint": "^8 || ^9 || ^10.1.0",
                "eslint": "^3 || ^4 || ^5 || ^6 || ^7 || ^8",
                "eslint-config-airbnb-base": "^15.0.0",
                "eslint-doc-generator": "^1.4.2",
                "eslint-plugin-eslint-plugin": "^2.3.0 || ^3.5.3 || ^4.0.1 || ^5.0.5",
                "eslint-plugin-import": "^2.26.0",
                "eslint-remote-tester": "^3.0.0",
                "eslint-remote-tester-repositories": "^1.0.0",
                "eslint-scope": "^3.7.3",
                "espree": "^3.5.4",
                "istanbul": "^0.4.5",
                "ls-engines": "^0.8.0",
                "markdownlint-cli": "^0.8.0 || ^0.32.2",
                "mocha": "^5.2.0",
                "npmignore": "^0.3.0",
                "sinon": "^7.5.0",
                "typescript": "^3.9.9",
                "typescript-eslint-parser": "^20.1.1"
            },
            "engines": {
                "node": ">=4"
            },
            "peerDependencies": {
                "eslint": "^3 || ^4 || ^5 || ^6 || ^7 || ^8"
            }
        },
        "../../node_modules/.pnpm/react-dom@17.0.2_react@17.0.2/node_modules/react-dom": {
            "version": "17.0.2",
            "dev": true,
            "license": "MIT",
            "dependencies": {
                "loose-envify": "^1.1.0",
                "object-assign": "^4.1.1",
                "scheduler": "^0.20.2"
            },
            "peerDependencies": {
                "react": "17.0.2"
            }
        },
        "../../node_modules/.pnpm/react-router-dom@6.14.1_react-dom@17.0.2_react@17.0.2/node_modules/react-router-dom": {
            "version": "6.14.1",
            "dev": true,
            "license": "MIT",
            "dependencies": {
                "@remix-run/router": "1.7.1",
                "react-router": "6.14.1"
            },
            "devDependencies": {
                "react": "^18.2.0",
                "react-dom": "^18.2.0"
            },
            "engines": {
                "node": ">=14"
            },
            "peerDependencies": {
                "react": ">=16.8",
                "react-dom": ">=16.8"
            }
        },
        "../../node_modules/.pnpm/react@17.0.2/node_modules/react": {
            "version": "17.0.2",
            "devOptional": true,
            "license": "MIT",
            "dependencies": {
                "loose-envify": "^1.1.0",
                "object-assign": "^4.1.1"
            },
            "engines": {
                "node": ">=0.10.0"
            }
        },
        "../../node_modules/.pnpm/vite-plugin-eslint@1.8.1_eslint@8.44.0_vite@4.4.2/node_modules/vite-plugin-eslint": {
            "version": "1.8.1",
            "dev": true,
            "license": "MIT",
            "dependencies": {
                "@rollup/pluginutils": "^4.2.1",
                "@types/eslint": "^8.4.5",
                "rollup": "^2.77.2"
            },
            "devDependencies": {
                "@types/node": "^18.0.6",
                "@typescript-eslint/eslint-plugin": "^5.30.7",
                "@typescript-eslint/parser": "^5.30.7",
                "cz-conventional-changelog": "^3.3.0",
                "eslint": "^8.21.0",
                "eslint-config-prettier": "^8.5.0",
                "eslint-plugin-prettier": "^4.2.1",
                "prettier": "^2.7.1",
                "standard-version": "^9.5.0",
                "tsup": "^6.2.1",
                "typescript": "^4.7.4",
                "vite": "^3.0.8"
            },
            "peerDependencies": {
                "eslint": ">=7",
                "vite": ">=2"
            }
        },
        "../../node_modules/.pnpm/vite@4.4.2/node_modules/vite": {
            "version": "4.4.2",
            "dev": true,
            "license": "MIT",
            "dependencies": {
                "esbuild": "^0.18.10",
                "postcss": "^8.4.24",
                "rollup": "^3.25.2"
            },
            "bin": {
                "vite": "bin/vite.js"
            },
            "devDependencies": {
                "@ampproject/remapping": "^2.2.1",
                "@babel/parser": "^7.22.6",
                "@babel/types": "^7.22.5",
                "@jridgewell/trace-mapping": "^0.3.18",
                "@rollup/plugin-alias": "^4.0.4",
                "@rollup/plugin-commonjs": "^25.0.2",
                "@rollup/plugin-dynamic-import-vars": "^2.0.3",
                "@rollup/plugin-json": "^6.0.0",
                "@rollup/plugin-node-resolve": "15.1.0",
                "@rollup/plugin-typescript": "^11.1.2",
                "@rollup/pluginutils": "^5.0.2",
                "@types/escape-html": "^1.0.2",
                "@types/pnpapi": "^0.0.2",
                "acorn": "^8.9.0",
                "acorn-walk": "^8.2.0",
                "cac": "^6.7.14",
                "chokidar": "^3.5.3",
                "connect": "^3.7.0",
                "connect-history-api-fallback": "^2.0.0",
                "convert-source-map": "^2.0.0",
                "cors": "^2.8.5",
                "cross-spawn": "^7.0.3",
                "debug": "^4.3.4",
                "dep-types": "link:./src/types",
                "dotenv": "^16.3.1",
                "dotenv-expand": "^9.0.0",
                "es-module-lexer": "^1.3.0",
                "escape-html": "^1.0.3",
                "estree-walker": "^3.0.3",
                "etag": "^1.8.1",
                "fast-glob": "^3.3.0",
                "http-proxy": "^1.18.1",
                "json-stable-stringify": "^1.0.2",
                "launch-editor-middleware": "^2.6.0",
                "lightningcss": "^1.21.4",
                "magic-string": "^0.30.1",
                "micromatch": "^4.0.5",
                "mlly": "^1.4.0",
                "mrmime": "^1.0.1",
                "okie": "^1.0.1",
                "open": "^8.4.2",
                "parse5": "^7.1.2",
                "periscopic": "^3.1.0",
                "picocolors": "^1.0.0",
                "picomatch": "^2.3.1",
                "postcss-import": "^15.1.0",
                "postcss-load-config": "^4.0.1",
                "postcss-modules": "^6.0.0",
                "resolve.exports": "^2.0.2",
                "rollup-plugin-license": "^3.0.1",
                "sirv": "^2.0.3",
                "source-map-support": "^0.5.21",
                "strip-ansi": "^7.1.0",
                "strip-literal": "^1.0.1",
                "tsconfck": "^2.1.1",
                "tslib": "^2.6.0",
                "types": "link:./types",
                "ufo": "^1.1.2",
                "ws": "^8.13.0"
            },
            "engines": {
                "node": "^14.18.0 || >=16.0.0"
            },
            "funding": {
                "url": "https://github.com/vitejs/vite?sponsor=1"
            },
            "optionalDependencies": {
                "fsevents": "~2.3.2"
            },
            "peerDependencies": {
                "@types/node": ">= 14",
                "less": "*",
                "lightningcss": "^1.21.0",
                "sass": "*",
                "stylus": "*",
                "sugarss": "*",
                "terser": "^5.4.0"
            },
            "peerDependenciesMeta": {
                "@types/node": {
                    "optional": true
                },
                "less": {
                    "optional": true
                },
                "lightningcss": {
                    "optional": true
                },
                "sass": {
                    "optional": true
                },
                "stylus": {
                    "optional": true
                },
                "sugarss": {
                    "optional": true
                },
                "terser": {
                    "optional": true
                }
            }
        },
        "node_modules/@babel/runtime": {
            "version": "7.22.6",
            "resolved": "https://registry.npmjs.org/@babel/runtime/-/runtime-7.22.6.tgz",
            "integrity": "sha512-wDb5pWm4WDdF6LFUde3Jl8WzPA+3ZbxYqkC6xAXuD3irdEHN1k0NfTRrJD8ZD378SJ61miMLCqIOXYhd8x+AJQ==",
            "dependencies": {
                "regenerator-runtime": "^0.13.11"
            },
            "engines": {
                "node": ">=6.9.0"
            }
        },
        "node_modules/@fortawesome/fontawesome-free": {
            "resolved": "../../node_modules/.pnpm/@fortawesome+fontawesome-free@6.4.0/node_modules/@fortawesome/fontawesome-free",
            "link": true
        },
        "node_modules/@reduxjs/toolkit": {
            "version": "1.9.5",
            "resolved": "https://registry.npmjs.org/@reduxjs/toolkit/-/toolkit-1.9.5.tgz",
            "integrity": "sha512-Rt97jHmfTeaxL4swLRNPD/zV4OxTes4la07Xc4hetpUW/vc75t5m1ANyxG6ymnEQ2FsLQsoMlYB2vV1sO3m8tQ==",
            "dependencies": {
                "immer": "^9.0.21",
                "redux": "^4.2.1",
                "redux-thunk": "^2.4.2",
                "reselect": "^4.1.8"
            },
            "peerDependencies": {
                "react": "^16.9.0 || ^17.0.0 || ^18",
                "react-redux": "^7.2.1 || ^8.0.2"
            },
            "peerDependenciesMeta": {
                "react": {
                    "optional": true
                },
                "react-redux": {
                    "optional": true
                }
            }
        },
        "node_modules/@vitejs/plugin-react": {
            "resolved": "../../node_modules/.pnpm/@vitejs+plugin-react@4.0.2_vite@4.4.2/node_modules/@vitejs/plugin-react",
            "link": true
        },
        "node_modules/eslint-plugin-react": {
            "resolved": "../../node_modules/.pnpm/eslint-plugin-react@7.32.2_eslint@8.44.0/node_modules/eslint-plugin-react",
            "link": true
        },
        "node_modules/eslint-plugin-react-hooks": {
            "resolved": "../../node_modules/.pnpm/eslint-plugin-react-hooks@4.6.0_eslint@8.44.0/node_modules/eslint-plugin-react-hooks",
            "link": true
        },
        "node_modules/eslint-plugin-react-refresh": {
            "resolved": "../../node_modules/.pnpm/eslint-plugin-react-refresh@0.4.1_eslint@8.44.0/node_modules/eslint-plugin-react-refresh",
            "link": true
        },
        "node_modules/immer": {
            "version": "9.0.21",
            "resolved": "https://registry.npmjs.org/immer/-/immer-9.0.21.tgz",
            "integrity": "sha512-bc4NBHqOqSfRW7POMkHd51LvClaeMXpm8dx0e8oE2GORbq5aRK7Bxl4FyzVLdGtLmvLKL7BTDBG5ACQm4HWjTA==",
            "funding": {
                "type": "opencollective",
                "url": "https://opencollective.com/immer"
            }
        },
        "node_modules/react": {
            "resolved": "../../node_modules/.pnpm/react@17.0.2/node_modules/react",
            "link": true
        },
        "node_modules/react-dom": {
            "resolved": "../../node_modules/.pnpm/react-dom@17.0.2_react@17.0.2/node_modules/react-dom",
            "link": true
        },
        "node_modules/react-router-dom": {
            "resolved": "../../node_modules/.pnpm/react-router-dom@6.14.1_react-dom@17.0.2_react@17.0.2/node_modules/react-router-dom",
            "link": true
        },
        "node_modules/redux": {
            "version": "4.2.1",
            "resolved": "https://registry.npmjs.org/redux/-/redux-4.2.1.tgz",
            "integrity": "sha512-LAUYz4lc+Do8/g7aeRa8JkyDErK6ekstQaqWQrNRW//MY1TvCEpMtpTWvlQ+FPbWCx+Xixu/6SHt5N0HR+SB4w==",
            "dependencies": {
                "@babel/runtime": "^7.9.2"
            }
        },
        "node_modules/redux-thunk": {
            "version": "2.4.2",
            "resolved": "https://registry.npmjs.org/redux-thunk/-/redux-thunk-2.4.2.tgz",
            "integrity": "sha512-+P3TjtnP0k/FEjcBL5FZpoovtvrTNT/UXd4/sluaSyrURlSlhLSzEdfsTBW7WsKB6yPvgd7q/iZPICFjW4o57Q==",
            "peerDependencies": {
                "redux": "^4"
            }
        },
        "node_modules/regenerator-runtime": {
            "version": "0.13.11",
            "resolved": "https://registry.npmjs.org/regenerator-runtime/-/regenerator-runtime-0.13.11.tgz",
            "integrity": "sha512-kY1AZVr2Ra+t+piVaJ4gxaFaReZVH40AKNo7UCX6W+dEwBo/2oZJzqfuN1qLq1oL45o56cPaTXELwrTh8Fpggg=="
        },
        "node_modules/reselect": {
            "version": "4.1.8",
            "resolved": "https://registry.npmjs.org/reselect/-/reselect-4.1.8.tgz",
            "integrity": "sha512-ab9EmR80F/zQTMNeneUr4cv+jSwPJgIlvEmVwLerwrWVbpLlBuls9XHzIeTFy4cegU2NHBp3va0LKOzU5qFEYQ=="
        },
        "node_modules/vite": {
            "resolved": "../../node_modules/.pnpm/vite@4.4.2/node_modules/vite",
            "link": true
        },
        "node_modules/vite-plugin-eslint": {
            "resolved": "../../node_modules/.pnpm/vite-plugin-eslint@1.8.1_eslint@8.44.0_vite@4.4.2/node_modules/vite-plugin-eslint",
            "link": true
        }
    }
}
